// !$*UTF8*$!
{
	archiveVersion = 1;
	classes = {
	};
	objectVersion = 56;
	objects = {

/* Begin PBXBuildFile section */
		8D0144A22B86799700D9692B /* Router.swift in Sources */ = {isa = PBXBuildFile; fileRef = 8D0144A12B86799700D9692B /* Router.swift */; };
		8D0144A42B867A0A00D9692B /* Presenter.swift in Sources */ = {isa = PBXBuildFile; fileRef = 8D0144A32B867A0A00D9692B /* Presenter.swift */; };
		8D0144A62B867A6F00D9692B /* Interactor.swift in Sources */ = {isa = PBXBuildFile; fileRef = 8D0144A52B867A6F00D9692B /* Interactor.swift */; };
		8D0144A82B867AA000D9692B /* View.swift in Sources */ = {isa = PBXBuildFile; fileRef = 8D0144A72B867AA000D9692B /* View.swift */; };
		8D2C2F562B866D1500E3D3D2 /* AppDelegate.swift in Sources */ = {isa = PBXBuildFile; fileRef = 8D2C2F552B866D1500E3D3D2 /* AppDelegate.swift */; };
		8D2C2F582B866D1500E3D3D2 /* SceneDelegate.swift in Sources */ = {isa = PBXBuildFile; fileRef = 8D2C2F572B866D1500E3D3D2 /* SceneDelegate.swift */; };
		8D2C2F5F2B866D1600E3D3D2 /* Assets.xcassets in Resources */ = {isa = PBXBuildFile; fileRef = 8D2C2F5E2B866D1600E3D3D2 /* Assets.xcassets */; };
		8D2C2F622B866D1600E3D3D2 /* LaunchScreen.storyboard in Resources */ = {isa = PBXBuildFile; fileRef = 8D2C2F602B866D1600E3D3D2 /* LaunchScreen.storyboard */; };
		8D2C2F712B86747E00E3D3D2 /* SplashViewController.swift in Sources */ = {isa = PBXBuildFile; fileRef = 8D2C2F6F2B86747E00E3D3D2 /* SplashViewController.swift */; };
		8D2C2F722B86747E00E3D3D2 /* SplashViewController.xib in Resources */ = {isa = PBXBuildFile; fileRef = 8D2C2F702B86747E00E3D3D2 /* SplashViewController.xib */; };
/* End PBXBuildFile section */

/* Begin PBXFileReference section */
		8D0144A12B86799700D9692B /* Router.swift */ = {isa = PBXFileReference; lastKnownFileType = sourcecode.swift; path = Router.swift; sourceTree = "<group>"; };
		8D0144A32B867A0A00D9692B /* Presenter.swift */ = {isa = PBXFileReference; lastKnownFileType = sourcecode.swift; path = Presenter.swift; sourceTree = "<group>"; };
		8D0144A52B867A6F00D9692B /* Interactor.swift */ = {isa = PBXFileReference; lastKnownFileType = sourcecode.swift; path = Interactor.swift; sourceTree = "<group>"; };
		8D0144A72B867AA000D9692B /* View.swift */ = {isa = PBXFileReference; lastKnownFileType = sourcecode.swift; path = View.swift; sourceTree = "<group>"; };
		8D2C2F522B866D1500E3D3D2 /* Viper-Sample.app */ = {isa = PBXFileReference; explicitFileType = wrapper.application; includeInIndex = 0; path = "Viper-Sample.app"; sourceTree = BUILT_PRODUCTS_DIR; };
		8D2C2F552B866D1500E3D3D2 /* AppDelegate.swift */ = {isa = PBXFileReference; lastKnownFileType = sourcecode.swift; path = AppDelegate.swift; sourceTree = "<group>"; };
		8D2C2F572B866D1500E3D3D2 /* SceneDelegate.swift */ = {isa = PBXFileReference; lastKnownFileType = sourcecode.swift; path = SceneDelegate.swift; sourceTree = "<group>"; };
		8D2C2F5E2B866D1600E3D3D2 /* Assets.xcassets */ = {isa = PBXFileReference; lastKnownFileType = folder.assetcatalog; path = Assets.xcassets; sourceTree = "<group>"; };
		8D2C2F612B866D1600E3D3D2 /* Base */ = {isa = PBXFileReference; lastKnownFileType = file.storyboard; name = Base; path = Base.lproj/LaunchScreen.storyboard; sourceTree = "<group>"; };
		8D2C2F632B866D1600E3D3D2 /* Info.plist */ = {isa = PBXFileReference; lastKnownFileType = text.plist.xml; path = Info.plist; sourceTree = "<group>"; };
		8D2C2F6F2B86747E00E3D3D2 /* SplashViewController.swift */ = {isa = PBXFileReference; lastKnownFileType = sourcecode.swift; path = SplashViewController.swift; sourceTree = "<group>"; };
		8D2C2F702B86747E00E3D3D2 /* SplashViewController.xib */ = {isa = PBXFileReference; lastKnownFileType = file.xib; path = SplashViewController.xib; sourceTree = "<group>"; };
/* End PBXFileReference section */

/* Begin PBXFrameworksBuildPhase section */
		8D2C2F4F2B866D1500E3D3D2 /* Frameworks */ = {
			isa = PBXFrameworksBuildPhase;
			buildActionMask = 2147483647;
			files = (
			);
			runOnlyForDeploymentPostprocessing = 0;
		};
/* End PBXFrameworksBuildPhase section */

/* Begin PBXGroup section */
		8D2C2F492B866D1500E3D3D2 = {
			isa = PBXGroup;
			children = (
				8D2C2F542B866D1500E3D3D2 /* Viper-Sample */,
				8D2C2F532B866D1500E3D3D2 /* Products */,
			);
			sourceTree = "<group>";
		};
		8D2C2F532B866D1500E3D3D2 /* Products */ = {
			isa = PBXGroup;
			children = (
				8D2C2F522B866D1500E3D3D2 /* Viper-Sample.app */,
			);
			name = Products;
			sourceTree = "<group>";
		};
		8D2C2F542B866D1500E3D3D2 /* Viper-Sample */ = {
			isa = PBXGroup;
			children = (
				8D2C2F6D2B866D9900E3D3D2 /* View */,
				8D2C2F6C2B866D8F00E3D3D2 /* Interactor */,
				8D2C2F6B2B866D7C00E3D3D2 /* Presenter */,
				8D2C2F6A2B866D6500E3D3D2 /* Entity */,
				8D2C2F692B866D4800E3D3D2 /* Router */,
				8D2C2F552B866D1500E3D3D2 /* AppDelegate.swift */,
				8D2C2F572B866D1500E3D3D2 /* SceneDelegate.swift */,
				8D2C2F5E2B866D1600E3D3D2 /* Assets.xcassets */,
				8D2C2F602B866D1600E3D3D2 /* LaunchScreen.storyboard */,
				8D2C2F632B866D1600E3D3D2 /* Info.plist */,
			);
			path = "Viper-Sample";
			sourceTree = "<group>";
		};
		8D2C2F692B866D4800E3D3D2 /* Router */ = {
			isa = PBXGroup;
			children = (
				8D0144A12B86799700D9692B /* Router.swift */,
			);
			path = Router;
			sourceTree = "<group>";
		};
		8D2C2F6A2B866D6500E3D3D2 /* Entity */ = {
			isa = PBXGroup;
			children = (
			);
			path = Entity;
			sourceTree = "<group>";
		};
		8D2C2F6B2B866D7C00E3D3D2 /* Presenter */ = {
			isa = PBXGroup;
			children = (
				8D0144A32B867A0A00D9692B /* Presenter.swift */,
			);
			path = Presenter;
			sourceTree = "<group>";
		};
		8D2C2F6C2B866D8F00E3D3D2 /* Interactor */ = {
			isa = PBXGroup;
			children = (
				8D0144A52B867A6F00D9692B /* Interactor.swift */,
			);
			path = Interactor;
			sourceTree = "<group>";
		};
		8D2C2F6D2B866D9900E3D3D2 /* View */ = {
			isa = PBXGroup;
			children = (
				8D2C2F6E2B8672EA00E3D3D2 /* SplashVC */,
				8D0144A72B867AA000D9692B /* View.swift */,
			);
			path = View;
			sourceTree = "<group>";
		};
		8D2C2F6E2B8672EA00E3D3D2 /* SplashVC */ = {
			isa = PBXGroup;
			children = (
				8D2C2F6F2B86747E00E3D3D2 /* SplashViewController.swift */,
				8D2C2F702B86747E00E3D3D2 /* SplashViewController.xib */,
			);
			path = SplashVC;
			sourceTree = "<group>";
		};
/* End PBXGroup section */

/* Begin PBXNativeTarget section */
		8D2C2F512B866D1500E3D3D2 /* Viper-Sample */ = {
			isa = PBXNativeTarget;
			buildConfigurationList = 8D2C2F662B866D1600E3D3D2 /* Build configuration list for PBXNativeTarget "Viper-Sample" */;
			buildPhases = (
				8D2C2F4E2B866D1500E3D3D2 /* Sources */,
				8D2C2F4F2B866D1500E3D3D2 /* Frameworks */,
				8D2C2F502B866D1500E3D3D2 /* Resources */,
			);
			buildRules = (
			);
			dependencies = (
			);
			name = "Viper-Sample";
			productName = "Viper-Sample";
			productReference = 8D2C2F522B866D1500E3D3D2 /* Viper-Sample.app */;
			productType = "com.apple.product-type.application";
		};
/* End PBXNativeTarget section */

/* Begin PBXProject section */
		8D2C2F4A2B866D1500E3D3D2 /* Project object */ = {
			isa = PBXProject;
			attributes = {
				BuildIndependentTargetsInParallel = 1;
				LastSwiftUpdateCheck = 1520;
				LastUpgradeCheck = 1520;
				TargetAttributes = {
					8D2C2F512B866D1500E3D3D2 = {
						CreatedOnToolsVersion = 15.2;
					};
				};
			};
			buildConfigurationList = 8D2C2F4D2B866D1500E3D3D2 /* Build configuration list for PBXProject "Viper-Sample" */;
			compatibilityVersion = "Xcode 14.0";
			developmentRegion = en;
			hasScannedForEncodings = 0;
			knownRegions = (
				en,
				Base,
			);
			mainGroup = 8D2C2F492B866D1500E3D3D2;
			productRefGroup = 8D2C2F532B866D1500E3D3D2 /* Products */;
			projectDirPath = "";
			projectRoot = "";
			targets = (
				8D2C2F512B866D1500E3D3D2 /* Viper-Sample */,
			);
		};
/* End PBXProject section */

/* Begin PBXResourcesBuildPhase section */
		8D2C2F502B866D1500E3D3D2 /* Resources */ = {
			isa = PBXResourcesBuildPhase;
			buildActionMask = 2147483647;
			files = (
				8D2C2F622B866D1600E3D3D2 /* LaunchScreen.storyboard in Resources */,
				8D2C2F5F2B866D1600E3D3D2 /* Assets.xcassets in Resources */,
				8D2C2F722B86747E00E3D3D2 /* SplashViewController.xib in Resources */,
			);
			runOnlyForDeploymentPostprocessing = 0;
		};
/* End PBXResourcesBuildPhase section */

/* Begin PBXSourcesBuildPhase section */
		8D2C2F4E2B866D1500E3D3D2 /* Sources */ = {
			isa = PBXSourcesBuildPhase;
			buildActionMask = 2147483647;
			files = (
				8D0144A62B867A6F00D9692B /* Interactor.swift in Sources */,
				8D0144A22B86799700D9692B /* Router.swift in Sources */,
				8D2C2F712B86747E00E3D3D2 /* SplashViewController.swift in Sources */,
				8D2C2F562B866D1500E3D3D2 /* AppDelegate.swift in Sources */,
				8D2C2F582B866D1500E3D3D2 /* SceneDelegate.swift in Sources */,
				8D0144A82B867AA000D9692B /* View.swift in Sources */,
				8D0144A42B867A0A00D9692B /* Presenter.swift in Sources */,
			);
			runOnlyForDeploymentPostprocessing = 0;
		};
/* End PBXSourcesBuildPhase section */

/* Begin PBXVariantGroup section */
		8D2C2F602B866D1600E3D3D2 /* LaunchScreen.storyboard */ = {
			isa = PBXVariantGroup;
			children = (
				8D2C2F612B866D1600E3D3D2 /* Base */,
			);
			name = LaunchScreen.storyboard;
			sourceTree = "<group>";
		};
/* End PBXVariantGroup section */

/* Begin XCBuildConfiguration section */
		8D2C2F642B866D1600E3D3D2 /* Debug */ = {
			isa = XCBuildConfiguration;
			buildSettings = {
				ALWAYS_SEARCH_USER_PATHS = NO;
				ASSETCATALOG_COMPILER_GENERATE_SWIFT_ASSET_SYMBOL_EXTENSIONS = YES;
				CLANG_ANALYZER_NONNULL = YES;
				CLANG_ANALYZER_NUMBER_OBJECT_CONVERSION = YES_AGGRESSIVE;
				CLANG_CXX_LANGUAGE_STANDARD = "gnu++20";
				CLANG_ENABLE_MODULES = YES;
				CLANG_ENABLE_OBJC_ARC = YES;
				CLANG_ENABLE_OBJC_WEAK = YES;
				CLANG_WARN_BLOCK_CAPTURE_AUTORELEASING = YES;
				CLANG_WARN_BOOL_CONVERSION = YES;
				CLANG_WARN_COMMA = YES;
				CLANG_WARN_CONSTANT_CONVERSION = YES;
				CLANG_WARN_DEPRECATED_OBJC_IMPLEMENTATIONS = YES;
				CLANG_WARN_DIRECT_OBJC_ISA_USAGE = YES_ERROR;
				CLANG_WARN_DOCUMENTATION_COMMENTS = YES;
				CLANG_WARN_EMPTY_BODY = YES;
				CLANG_WARN_ENUM_CONVERSION = YES;
				CLANG_WARN_INFINITE_RECURSION = YES;
				CLANG_WARN_INT_CONVERSION = YES;
				CLANG_WARN_NON_LITERAL_NULL_CONVERSION = YES;
				CLANG_WARN_OBJC_IMPLICIT_RETAIN_SELF = YES;
				CLANG_WARN_OBJC_LITERAL_CONVERSION = YES;
				CLANG_WARN_OBJC_ROOT_CLASS = YES_ERROR;
				CLANG_WARN_QUOTED_INCLUDE_IN_FRAMEWORK_HEADER = YES;
				CLANG_WARN_RANGE_LOOP_ANALYSIS = YES;
				CLANG_WARN_STRICT_PROTOTYPES = YES;
				CLANG_WARN_SUSPICIOUS_MOVE = YES;
				CLANG_WARN_UNGUARDED_AVAILABILITY = YES_AGGRESSIVE;
				CLANG_WARN_UNREACHABLE_CODE = YES;
				CLANG_WARN__DUPLICATE_METHOD_MATCH = YES;
				COPY_PHASE_STRIP = NO;
				DEBUG_INFORMATION_FORMAT = dwarf;
				ENABLE_STRICT_OBJC_MSGSEND = YES;
				ENABLE_TESTABILITY = YES;
				ENABLE_USER_SCRIPT_SANDBOXING = YES;
				GCC_C_LANGUAGE_STANDARD = gnu17;
				GCC_DYNAMIC_NO_PIC = NO;
				GCC_NO_COMMON_BLOCKS = YES;
				GCC_OPTIMIZATION_LEVEL = 0;
				GCC_PREPROCESSOR_DEFINITIONS = (
					"DEBUG=1",
					"$(inherited)",
				);
				GCC_WARN_64_TO_32_BIT_CONVERSION = YES;
				GCC_WARN_ABOUT_RETURN_TYPE = YES_ERROR;
				GCC_WARN_UNDECLARED_SELECTOR = YES;
				GCC_WARN_UNINITIALIZED_AUTOS = YES_AGGRESSIVE;
				GCC_WARN_UNUSED_FUNCTION = YES;
				GCC_WARN_UNUSED_VARIABLE = YES;
				IPHONEOS_DEPLOYMENT_TARGET = 17.2;
				LOCALIZATION_PREFERS_STRING_CATALOGS = YES;
				MTL_ENABLE_DEBUG_INFO = INCLUDE_SOURCE;
				MTL_FAST_MATH = YES;
				ONLY_ACTIVE_ARCH = YES;
				SDKROOT = iphoneos;
				SWIFT_ACTIVE_COMPILATION_CONDITIONS = "DEBUG $(inherited)";
				SWIFT_OPTIMIZATION_LEVEL = "-Onone";
			};
			name = Debug;
		};
		8D2C2F652B866D1600E3D3D2 /* Release */ = {
			isa = XCBuildConfiguration;
			buildSettings = {
				ALWAYS_SEARCH_USER_PATHS = NO;
				ASSETCATALOG_COMPILER_GENERATE_SWIFT_ASSET_SYMBOL_EXTENSIONS = YES;
				CLANG_ANALYZER_NONNULL = YES;
				CLANG_ANALYZER_NUMBER_OBJECT_CONVERSION = YES_AGGRESSIVE;
				CLANG_CXX_LANGUAGE_STANDARD = "gnu++20";
				CLANG_ENABLE_MODULES = YES;
				CLANG_ENABLE_OBJC_ARC = YES;
				CLANG_ENABLE_OBJC_WEAK = YES;
				CLANG_WARN_BLOCK_CAPTURE_AUTORELEASING = YES;
				CLANG_WARN_BOOL_CONVERSION = YES;
				CLANG_WARN_COMMA = YES;
				CLANG_WARN_CONSTANT_CONVERSION = YES;
				CLANG_WARN_DEPRECATED_OBJC_IMPLEMENTATIONS = YES;
				CLANG_WARN_DIRECT_OBJC_ISA_USAGE = YES_ERROR;
				CLANG_WARN_DOCUMENTATION_COMMENTS = YES;
				CLANG_WARN_EMPTY_BODY = YES;
				CLANG_WARN_ENUM_CONVERSION = YES;
				CLANG_WARN_INFINITE_RECURSION = YES;
				CLANG_WARN_INT_CONVERSION = YES;
				CLANG_WARN_NON_LITERAL_NULL_CONVERSION = YES;
				CLANG_WARN_OBJC_IMPLICIT_RETAIN_SELF = YES;
				CLANG_WARN_OBJC_LITERAL_CONVERSION = YES;
				CLANG_WARN_OBJC_ROOT_CLASS = YES_ERROR;
				CLANG_WARN_QUOTED_INCLUDE_IN_FRAMEWORK_HEADER = YES;
				CLANG_WARN_RANGE_LOOP_ANALYSIS = YES;
				CLANG_WARN_STRICT_PROTOTYPES = YES;
				CLANG_WARN_SUSPICIOUS_MOVE = YES;
				CLANG_WARN_UNGUARDED_AVAILABILITY = YES_AGGRESSIVE;
				CLANG_WARN_UNREACHABLE_CODE = YES;
				CLANG_WARN__DUPLICATE_METHOD_MATCH = YES;
				COPY_PHASE_STRIP = NO;
				DEBUG_INFORMATION_FORMAT = "dwarf-with-dsym";
				ENABLE_NS_ASSERTIONS = NO;
				ENABLE_STRICT_OBJC_MSGSEND = YES;
				ENABLE_USER_SCRIPT_SANDBOXING = YES;
				GCC_C_LANGUAGE_STANDARD = gnu17;
				GCC_NO_COMMON_BLOCKS = YES;
				GCC_WARN_64_TO_32_BIT_CONVERSION = YES;
				GCC_WARN_ABOUT_RETURN_TYPE = YES_ERROR;
				GCC_WARN_UNDECLARED_SELECTOR = YES;
				GCC_WARN_UNINITIALIZED_AUTOS = YES_AGGRESSIVE;
				GCC_WARN_UNUSED_FUNCTION = YES;
				GCC_WARN_UNUSED_VARIABLE = YES;
				IPHONEOS_DEPLOYMENT_TARGET = 17.2;
				LOCALIZATION_PREFERS_STRING_CATALOGS = YES;
				MTL_ENABLE_DEBUG_INFO = NO;
				MTL_FAST_MATH = YES;
				SDKROOT = iphoneos;
				SWIFT_COMPILATION_MODE = wholemodule;
				VALIDATE_PRODUCT = YES;
			};
			name = Release;
		};
		8D2C2F672B866D1600E3D3D2 /* Debug */ = {
			isa = XCBuildConfiguration;
			buildSettings = {
				ASSETCATALOG_COMPILER_APPICON_NAME = AppIcon;
				ASSETCATALOG_COMPILER_GLOBAL_ACCENT_COLOR_NAME = AccentColor;
				CODE_SIGN_STYLE = Automatic;
				CURRENT_PROJECT_VERSION = 1;
				DEVELOPMENT_TEAM = F68Q68LA39;
				GENERATE_INFOPLIST_FILE = YES;
				INFOPLIST_FILE = "Viper-Sample/Info.plist";
				INFOPLIST_KEY_UIApplicationSupportsIndirectInputEvents = YES;
				INFOPLIST_KEY_UILaunchStoryboardName = LaunchScreen;
				INFOPLIST_KEY_UISupportedInterfaceOrientations_iPad = "UIInterfaceOrientationPortrait UIInterfaceOrientationPortraitUpsideDown UIInterfaceOrientationLandscapeLeft UIInterfaceOrientationLandscapeRight";
				INFOPLIST_KEY_UISupportedInterfaceOrientations_iPhone = "UIInterfaceOrientationPortrait UIInterfaceOrientationLandscapeLeft UIInterfaceOrientationLandscapeRight";
				LD_RUNPATH_SEARCH_PATHS = (
					"$(inherited)",
					"@executable_path/Frameworks",
				);
				MARKETING_VERSION = 1.0;
				PRODUCT_BUNDLE_IDENTIFIER = "com.viper.Viper-Sample";
				PRODUCT_NAME = "$(TARGET_NAME)";
				SWIFT_EMIT_LOC_STRINGS = YES;
				SWIFT_VERSION = 5.0;
				TARGETED_DEVICE_FAMILY = "1,2";
			};
			name = Debug;
		};
		8D2C2F682B866D1600E3D3D2 /* Release */ = {
			isa = XCBuildConfiguration;
			buildSettings = {
				ASSETCATALOG_COMPILER_APPICON_NAME = AppIcon;
				ASSETCATALOG_COMPILER_GLOBAL_ACCENT_COLOR_NAME = AccentColor;
				CODE_SIGN_STYLE = Automatic;
				CURRENT_PROJECT_VERSION = 1;
				DEVELOPMENT_TEAM = F68Q68LA39;
				GENERATE_INFOPLIST_FILE = YES;
				INFOPLIST_FILE = "Viper-Sample/Info.plist";
				INFOPLIST_KEY_UIApplicationSupportsIndirectInputEvents = YES;
				INFOPLIST_KEY_UILaunchStoryboardName = LaunchScreen;
				INFOPLIST_KEY_UISupportedInterfaceOrientations_iPad = "UIInterfaceOrientationPortrait UIInterfaceOrientationPortraitUpsideDown UIInterfaceOrientationLandscapeLeft UIInterfaceOrientationLandscapeRight";
				INFOPLIST_KEY_UISupportedInterfaceOrientations_iPhone = "UIInterfaceOrientationPortrait UIInterfaceOrientationLandscapeLeft UIInterfaceOrientationLandscapeRight";
				LD_RUNPATH_SEARCH_PATHS = (
					"$(inherited)",
					"@executable_path/Frameworks",
				);
				MARKETING_VERSION = 1.0;
				PRODUCT_BUNDLE_IDENTIFIER = "com.viper.Viper-Sample";
				PRODUCT_NAME = "$(TARGET_NAME)";
				SWIFT_EMIT_LOC_STRINGS = YES;
				SWIFT_VERSION = 5.0;
				TARGETED_DEVICE_FAMILY = "1,2";
			};
			name = Release;
		};
/* End XCBuildConfiguration section */

/* Begin XCConfigurationList section */
		8D2C2F4D2B866D1500E3D3D2 /* Build configuration list for PBXProject "Viper-Sample" */ = {
			isa = XCConfigurationList;
			buildConfigurations = (
				8D2C2F642B866D1600E3D3D2 /* Debug */,
				8D2C2F652B866D1600E3D3D2 /* Release */,
			);
			defaultConfigurationIsVisible = 0;
			defaultConfigurationName = Release;
		};
		8D2C2F662B866D1600E3D3D2 /* Build configuration list for PBXNativeTarget "Viper-Sample" */ = {
			isa = XCConfigurationList;
			buildConfigurations = (
				8D2C2F672B866D1600E3D3D2 /* Debug */,
				8D2C2F682B866D1600E3D3D2 /* Release */,
			);
			defaultConfigurationIsVisible = 0;
			defaultConfigurationName = Release;
		};
/* End XCConfigurationList section */
	};
	rootObject = 8D2C2F4A2B866D1500E3D3D2 /* Project object */;
}
